
Microsoft Visual Studio Solution File, Format Version 12.00
# Visual Studio 15
VisualStudioVersion = 15.0.27428.2027
MinimumVisualStudioVersion = 10.0.40219.1
Project("{FAE04EC0-301F-11D3-BF4B-00C04F79EFBC}") = "LinqDemoWebDemo", "LinqDemoWebDemo\LinqDemoWebDemo.csproj", "{2EFE6C2A-9A38-42DD-B192-DE76C2C6AE81}"
EndProject
Global
	GlobalSection(SolutionConfigurationPlatforms) = preSolution
		Debug|Any CPU = Debug|Any CPU
		Release|Any CPU = Release|Any CPU
	EndGlobalSection
	GlobalSection(ProjectConfigurationPlatforms) = postSolution
		{2EFE6C2A-9A38-42DD-B192-DE76C2C6AE81}.Debug|Any CPU.ActiveCfg = Debug|Any CPU
		{2EFE6C2A-9A38-42DD-B192-DE76C2C6AE81}.Debug|Any CPU.Build.0 = Debug|Any CPU
		{2EFE6C2A-9A38-42DD-B192-DE76C2C6AE81}.Release|Any CPU.ActiveCfg = Release|Any CPU
		{2EFE6C2A-9A38-42DD-B192-DE76C2C6AE81}.Release|Any CPU.Build.0 = Release|Any CPU
	EndGlobalSection
	GlobalSection(SolutionProperties) = preSolution
		HideSolutionNode = FALSE
	EndGlobalSection
	GlobalSection(ExtensibilityGlobals) = postSolution
		SolutionGuid = {99DE749B-8718-4F19-B66F-123992A572FA}
	EndGlobalSection
EndGlobal
